<?xml version="1.0" encoding="utf-8"?>
<Project ToolsVersion="4.0" xmlns="http://schemas.microsoft.com/developer/msbuild/2003">
  <ItemGroup>
    <Filter Include="common">
      <UniqueIdentifier>{32e3a5c3-77e5-41a9-8a8a-68ab6e63b1a8}</UniqueIdentifier>
      <Extensions>.cpp</Extensions>
    </Filter>
    <Filter Include="scene">
      <UniqueIdentifier>{5862367b-d012-4fa5-8393-cefbf2cba841}</UniqueIdentifier>
    </Filter>
  </ItemGroup>
  <ItemGroup>
    <ClInclude Include="common\BaseSingle.h">
      <Filter>common</Filter>
    </ClInclude>
    <ClInclude Include="common\CommonError.h">
      <Filter>common</Filter>
    </ClInclude>
    <ClInclude Include="common\MemoryPool.h">
      <Filter>common</Filter>
    </ClInclude>
    <ClInclude Include="common\BaseDefine.h">
      <Filter>common</Filter>
    </ClInclude>
    <ClInclude Include="common\CommonDefine.h">
      <Filter>common</Filter>
    </ClInclude>
    <ClInclude Include="common\CommonUtility.h">
      <Filter>common</Filter>
    </ClInclude>
    <ClInclude Include="common\CommonC2S.h">
      <Filter>common</Filter>
    </ClInclude>
    <ClInclude Include="common\CommonS2C.h">
      <Filter>common</Filter>
    </ClInclude>
    <ClInclude Include="common\Encrypt.h">
      <Filter>common</Filter>
    </ClInclude>
    <ClInclude Include="common\CompilerDefs.h">
      <Filter>scene</Filter>
    </ClInclude>
    <ClInclude Include="common\def_attribute.h">
      <Filter>scene</Filter>
    </ClInclude>
    <ClInclude Include="common\def_buff.h">
      <Filter>scene</Filter>
    </ClInclude>
    <ClInclude Include="common\def_channel.h">
      <Filter>scene</Filter>
    </ClInclude>
    <ClInclude Include="common\def_character.h">
      <Filter>scene</Filter>
    </ClInclude>
    <ClInclude Include="common\def_creature.h">
      <Filter>scene</Filter>
    </ClInclude>
    <ClInclude Include="common\def_entity.h">
      <Filter>scene</Filter>
    </ClInclude>
    <ClInclude Include="common\Geometry2D.h">
      <Filter>scene</Filter>
    </ClInclude>
    <ClInclude Include="common\ObjPool.h">
      <Filter>scene</Filter>
    </ClInclude>
    <ClInclude Include="common\ResourceBuffer.h">
      <Filter>scene</Filter>
    </ClInclude>
    <ClInclude Include="common\typedef.h">
      <Filter>scene</Filter>
    </ClInclude>
    <ClInclude Include="common\UnorderedMap.h">
      <Filter>scene</Filter>
    </ClInclude>
    <ClInclude Include="common\UnorderedSet.h">
      <Filter>scene</Filter>
    </ClInclude>
    <ClInclude Include="common\util.h">
      <Filter>scene</Filter>
    </ClInclude>
    <ClInclude Include="common\LogManager.h">
      <Filter>common</Filter>
    </ClInclude>
    <ClInclude Include="common\CommonF2W.h">
      <Filter>common</Filter>
    </ClInclude>
    <ClInclude Include="common\BaseMsgHandler.h">
      <Filter>common</Filter>
    </ClInclude>
    <ClInclude Include="common\BaseSession.h">
      <Filter>common</Filter>
    </ClInclude>
    <ClInclude Include="common\CommonW2F.h">
      <Filter>common</Filter>
    </ClInclude>
    <ClInclude Include="common\CommonL2W.h">
      <Filter>common</Filter>
    </ClInclude>
    <ClInclude Include="common\CommonW2L.h">
      <Filter>common</Filter>
    </ClInclude>
    <ClInclude Include="common\BaseProcHandler.h">
      <Filter>common</Filter>
    </ClInclude>
    <ClInclude Include="common\CommonD2W.h">
      <Filter>common</Filter>
    </ClInclude>
    <ClInclude Include="common\CommonW2D.h">
      <Filter>common</Filter>
    </ClInclude>
    <ClInclude Include="common\CommonServerOpt.h">
      <Filter>common</Filter>
    </ClInclude>
    <ClInclude Include="common\ServerSession.h">
      <Filter>common</Filter>
    </ClInclude>
    <ClInclude Include="Common\CommonInternal.h">
      <Filter>common</Filter>
    </ClInclude>
    <ClInclude Include="common\ServerConnectMgr.h">
      <Filter>common</Filter>
    </ClInclude>
    <ClInclude Include="common\ServerInfoMgr.h">
      <Filter>common</Filter>
    </ClInclude>
    <ClInclude Include="common\ClientSession.h">
      <Filter>common</Filter>
    </ClInclude>
    <ClInclude Include="common\CommonC2F.h">
      <Filter>common</Filter>
    </ClInclude>
    <ClInclude Include="common\CommonF2C.h">
      <Filter>common</Filter>
    </ClInclude>
    <ClInclude Include="common\CommonC2W.h">
      <Filter>common</Filter>
    </ClInclude>
    <ClInclude Include="common\DeallineAsync.h">
      <Filter>common</Filter>
    </ClInclude>
  </ItemGroup>
  <ItemGroup>
    <ClCompile Include="common\Encrypt.cpp">
      <Filter>common</Filter>
    </ClCompile>
    <ClCompile Include="common\MemoryPool.cpp">
      <Filter>common</Filter>
    </ClCompile>
    <ClCompile Include="common\Geometry.cpp">
      <Filter>scene</Filter>
    </ClCompile>
    <ClCompile Include="common\ObjPool.cpp">
      <Filter>scene</Filter>
    </ClCompile>
    <ClCompile Include="common\ResourceBuffer.cpp">
      <Filter>scene</Filter>
    </ClCompile>
    <ClCompile Include="common\LogManager.cpp">
      <Filter>common</Filter>
    </ClCompile>
    <ClCompile Include="common\ServerSession.cpp">
      <Filter>common</Filter>
    </ClCompile>
    <ClCompile Include="common\ServerConnectMgr.cpp">
      <Filter>common</Filter>
    </ClCompile>
    <ClCompile Include="common\ServerInfoMgr.cpp">
      <Filter>common</Filter>
    </ClCompile>
    <ClCompile Include="common\ClientSession.cpp">
      <Filter>common</Filter>
    </ClCompile>
    <ClCompile Include="common\DeallineAsync.cpp">
      <Filter>common</Filter>
    </ClCompile>
  </ItemGroup>
</Project>